// !$*UTF8*$!
{
	archiveVersion = 1;
	classes = {
	};
	objectVersion = 56;
	objects = {

/* Begin PBXBuildFile section */
		413E13DF29C0D0CC0000AD65 /* CustomButtonViewController.swift in Sources */ = {isa = PBXBuildFile; fileRef = 413E13DE29C0D0CC0000AD65 /* CustomButtonViewController.swift */; };
		4197A9CC29C226F900EF8EDE /* MyCardsViewController.swift in Sources */ = {isa = PBXBuildFile; fileRef = 4197A9CB29C226F900EF8EDE /* MyCardsViewController.swift */; };
		4197A9CE29C2273D00EF8EDE /* MyCardView.swift in Sources */ = {isa = PBXBuildFile; fileRef = 4197A9CD29C2273D00EF8EDE /* MyCardView.swift */; };
		41982E0D29C1815200105F8B /* IconBarCodeButtonFullView.swift in Sources */ = {isa = PBXBuildFile; fileRef = 41982E0C29C1815200105F8B /* IconBarCodeButtonFullView.swift */; };
		41A2C74829C235C00003EDAB /* IconButtonListViewController.swift in Sources */ = {isa = PBXBuildFile; fileRef = 41A2C74729C235C00003EDAB /* IconButtonListViewController.swift */; };
		41A2C74A29C236210003EDAB /* IconButtonListView.swift in Sources */ = {isa = PBXBuildFile; fileRef = 41A2C74929C236210003EDAB /* IconButtonListView.swift */; };
		41A2C74D29C23DE10003EDAB /* IconButtonListViewCell.swift in Sources */ = {isa = PBXBuildFile; fileRef = 41A2C74C29C23DE10003EDAB /* IconButtonListViewCell.swift */; };
		41A2C74F29C2CA5E0003EDAB /* ListIcons.swift in Sources */ = {isa = PBXBuildFile; fileRef = 41A2C74E29C2CA5E0003EDAB /* ListIcons.swift */; };
		41A2C75129C2CD6F0003EDAB /* ListComponents.swift in Sources */ = {isa = PBXBuildFile; fileRef = 41A2C75029C2CD6F0003EDAB /* ListComponents.swift */; };
		41B8490829C16D1B00C3CB98 /* IconBarCodeButtonView.swift in Sources */ = {isa = PBXBuildFile; fileRef = 41B8490729C16D1B00C3CB98 /* IconBarCodeButtonView.swift */; };
		41B8490A29C172FA00C3CB98 /* IconBarCodeButtonFullViewController.swift in Sources */ = {isa = PBXBuildFile; fileRef = 41B8490929C172FA00C3CB98 /* IconBarCodeButtonFullViewController.swift */; };
		41C72C4229C0D3EA0057FAC7 /* RMButton.swift in Sources */ = {isa = PBXBuildFile; fileRef = 41C72C4129C0D3EA0057FAC7 /* RMButton.swift */; };
		41C72C4629C0F1990057FAC7 /* HomeItem.swift in Sources */ = {isa = PBXBuildFile; fileRef = 41C72C4529C0F1990057FAC7 /* HomeItem.swift */; };
		41C72C4829C0F5560057FAC7 /* IconButtonView.swift in Sources */ = {isa = PBXBuildFile; fileRef = 41C72C4729C0F5560057FAC7 /* IconButtonView.swift */; };
		41C72C4B29C0F9B00057FAC7 /* IconButtonViewController.swift in Sources */ = {isa = PBXBuildFile; fileRef = 41C72C4A29C0F9B00057FAC7 /* IconButtonViewController.swift */; };
		41C72C4D29C0FD560057FAC7 /* Images.swift in Sources */ = {isa = PBXBuildFile; fileRef = 41C72C4C29C0FD550057FAC7 /* Images.swift */; };
		41C72C4F29C10A6A0057FAC7 /* IconButtonWithLabelViewController.swift in Sources */ = {isa = PBXBuildFile; fileRef = 41C72C4E29C10A6A0057FAC7 /* IconButtonWithLabelViewController.swift */; };
		41C72C5129C10BC00057FAC7 /* IconButtonWithLabelView.swift in Sources */ = {isa = PBXBuildFile; fileRef = 41C72C5029C10BC00057FAC7 /* IconButtonWithLabelView.swift */; };
		41C72C5329C165130057FAC7 /* IconBarCodeButtonViewController.swift in Sources */ = {isa = PBXBuildFile; fileRef = 41C72C5229C165130057FAC7 /* IconBarCodeButtonViewController.swift */; };
		7762517129BF67DC004F0532 /* AppDelegate.swift in Sources */ = {isa = PBXBuildFile; fileRef = 7762517029BF67DC004F0532 /* AppDelegate.swift */; };
		7762517329BF67DC004F0532 /* SceneDelegate.swift in Sources */ = {isa = PBXBuildFile; fileRef = 7762517229BF67DC004F0532 /* SceneDelegate.swift */; };
		7762517A29BF67DE004F0532 /* Assets.xcassets in Resources */ = {isa = PBXBuildFile; fileRef = 7762517929BF67DE004F0532 /* Assets.xcassets */; };
		7762517D29BF67DE004F0532 /* LaunchScreen.storyboard in Resources */ = {isa = PBXBuildFile; fileRef = 7762517B29BF67DE004F0532 /* LaunchScreen.storyboard */; };
		7762518929BF6BD9004F0532 /* HomeViewController.swift in Sources */ = {isa = PBXBuildFile; fileRef = 7762518829BF6BD9004F0532 /* HomeViewController.swift */; };
/* End PBXBuildFile section */

/* Begin PBXFileReference section */
		413E13DE29C0D0CC0000AD65 /* CustomButtonViewController.swift */ = {isa = PBXFileReference; lastKnownFileType = sourcecode.swift; path = CustomButtonViewController.swift; sourceTree = "<group>"; };
		4197A9CB29C226F900EF8EDE /* MyCardsViewController.swift */ = {isa = PBXFileReference; lastKnownFileType = sourcecode.swift; path = MyCardsViewController.swift; sourceTree = "<group>"; };
		4197A9CD29C2273D00EF8EDE /* MyCardView.swift */ = {isa = PBXFileReference; lastKnownFileType = sourcecode.swift; path = MyCardView.swift; sourceTree = "<group>"; };
		41982E0C29C1815200105F8B /* IconBarCodeButtonFullView.swift */ = {isa = PBXFileReference; lastKnownFileType = sourcecode.swift; path = IconBarCodeButtonFullView.swift; sourceTree = "<group>"; };
		41A2C74729C235C00003EDAB /* IconButtonListViewController.swift */ = {isa = PBXFileReference; lastKnownFileType = sourcecode.swift; path = IconButtonListViewController.swift; sourceTree = "<group>"; };
		41A2C74929C236210003EDAB /* IconButtonListView.swift */ = {isa = PBXFileReference; lastKnownFileType = sourcecode.swift; path = IconButtonListView.swift; sourceTree = "<group>"; };
		41A2C74C29C23DE10003EDAB /* IconButtonListViewCell.swift */ = {isa = PBXFileReference; lastKnownFileType = sourcecode.swift; path = IconButtonListViewCell.swift; sourceTree = "<group>"; };
		41A2C74E29C2CA5E0003EDAB /* ListIcons.swift */ = {isa = PBXFileReference; lastKnownFileType = sourcecode.swift; path = ListIcons.swift; sourceTree = "<group>"; };
		41A2C75029C2CD6F0003EDAB /* ListComponents.swift */ = {isa = PBXFileReference; lastKnownFileType = sourcecode.swift; path = ListComponents.swift; sourceTree = "<group>"; };
		41B8490729C16D1B00C3CB98 /* IconBarCodeButtonView.swift */ = {isa = PBXFileReference; lastKnownFileType = sourcecode.swift; path = IconBarCodeButtonView.swift; sourceTree = "<group>"; };
		41B8490929C172FA00C3CB98 /* IconBarCodeButtonFullViewController.swift */ = {isa = PBXFileReference; lastKnownFileType = sourcecode.swift; path = IconBarCodeButtonFullViewController.swift; sourceTree = "<group>"; };
		41C72C4129C0D3EA0057FAC7 /* RMButton.swift */ = {isa = PBXFileReference; lastKnownFileType = sourcecode.swift; path = RMButton.swift; sourceTree = "<group>"; };
		41C72C4529C0F1990057FAC7 /* HomeItem.swift */ = {isa = PBXFileReference; lastKnownFileType = sourcecode.swift; path = HomeItem.swift; sourceTree = "<group>"; };
		41C72C4729C0F5560057FAC7 /* IconButtonView.swift */ = {isa = PBXFileReference; lastKnownFileType = sourcecode.swift; path = IconButtonView.swift; sourceTree = "<group>"; };
		41C72C4A29C0F9B00057FAC7 /* IconButtonViewController.swift */ = {isa = PBXFileReference; lastKnownFileType = sourcecode.swift; path = IconButtonViewController.swift; sourceTree = "<group>"; };
		41C72C4C29C0FD550057FAC7 /* Images.swift */ = {isa = PBXFileReference; lastKnownFileType = sourcecode.swift; path = Images.swift; sourceTree = "<group>"; };
		41C72C4E29C10A6A0057FAC7 /* IconButtonWithLabelViewController.swift */ = {isa = PBXFileReference; lastKnownFileType = sourcecode.swift; path = IconButtonWithLabelViewController.swift; sourceTree = "<group>"; };
		41C72C5029C10BC00057FAC7 /* IconButtonWithLabelView.swift */ = {isa = PBXFileReference; lastKnownFileType = sourcecode.swift; path = IconButtonWithLabelView.swift; sourceTree = "<group>"; };
		41C72C5229C165130057FAC7 /* IconBarCodeButtonViewController.swift */ = {isa = PBXFileReference; lastKnownFileType = sourcecode.swift; path = IconBarCodeButtonViewController.swift; sourceTree = "<group>"; };
		7762516D29BF67DC004F0532 /* ShadowAppDemo.app */ = {isa = PBXFileReference; explicitFileType = wrapper.application; includeInIndex = 0; path = ShadowAppDemo.app; sourceTree = BUILT_PRODUCTS_DIR; };
		7762517029BF67DC004F0532 /* AppDelegate.swift */ = {isa = PBXFileReference; lastKnownFileType = sourcecode.swift; path = AppDelegate.swift; sourceTree = "<group>"; };
		7762517229BF67DC004F0532 /* SceneDelegate.swift */ = {isa = PBXFileReference; lastKnownFileType = sourcecode.swift; path = SceneDelegate.swift; sourceTree = "<group>"; };
		7762517929BF67DE004F0532 /* Assets.xcassets */ = {isa = PBXFileReference; lastKnownFileType = folder.assetcatalog; path = Assets.xcassets; sourceTree = "<group>"; };
		7762517C29BF67DE004F0532 /* Base */ = {isa = PBXFileReference; lastKnownFileType = file.storyboard; name = Base; path = Base.lproj/LaunchScreen.storyboard; sourceTree = "<group>"; };
		7762517E29BF67DE004F0532 /* Info.plist */ = {isa = PBXFileReference; lastKnownFileType = text.plist.xml; path = Info.plist; sourceTree = "<group>"; };
		7762518829BF6BD9004F0532 /* HomeViewController.swift */ = {isa = PBXFileReference; lastKnownFileType = sourcecode.swift; path = HomeViewController.swift; sourceTree = "<group>"; };
/* End PBXFileReference section */

/* Begin PBXFrameworksBuildPhase section */
		7762516A29BF67DC004F0532 /* Frameworks */ = {
			isa = PBXFrameworksBuildPhase;
			buildActionMask = 2147483647;
			files = (
			);
			runOnlyForDeploymentPostprocessing = 0;
		};
/* End PBXFrameworksBuildPhase section */

/* Begin PBXGroup section */
		41A2C74B29C23D860003EDAB /* Menu List */ = {
			isa = PBXGroup;
			children = (
				41A2C74929C236210003EDAB /* IconButtonListView.swift */,
				41A2C74C29C23DE10003EDAB /* IconButtonListViewCell.swift */,
			);
			path = "Menu List";
			sourceTree = "<group>";
		};
		41A2C75229C2CD760003EDAB /* Model */ = {
			isa = PBXGroup;
			children = (
				41A2C74E29C2CA5E0003EDAB /* ListIcons.swift */,
				41A2C75029C2CD6F0003EDAB /* ListComponents.swift */,
			);
			path = Model;
			sourceTree = "<group>";
		};
		41C72C4329C0D4920057FAC7 /* Buttons */ = {
			isa = PBXGroup;
			children = (
				41C72C4129C0D3EA0057FAC7 /* RMButton.swift */,
				41C72C4729C0F5560057FAC7 /* IconButtonView.swift */,
				41C72C5029C10BC00057FAC7 /* IconButtonWithLabelView.swift */,
				41B8490729C16D1B00C3CB98 /* IconBarCodeButtonView.swift */,
				41982E0C29C1815200105F8B /* IconBarCodeButtonFullView.swift */,
				4197A9CD29C2273D00EF8EDE /* MyCardView.swift */,
			);
			path = Buttons;
			sourceTree = "<group>";
		};
		41C72C4929C0F5EF0057FAC7 /* Components */ = {
			isa = PBXGroup;
			children = (
				41A2C74B29C23D860003EDAB /* Menu List */,
				41C72C4329C0D4920057FAC7 /* Buttons */,
			);
			path = Components;
			sourceTree = "<group>";
		};
		7762516429BF67DC004F0532 = {
			isa = PBXGroup;
			children = (
				7762516F29BF67DC004F0532 /* ShadowAppDemo */,
				7762516E29BF67DC004F0532 /* Products */,
			);
			sourceTree = "<group>";
		};
		7762516E29BF67DC004F0532 /* Products */ = {
			isa = PBXGroup;
			children = (
				7762516D29BF67DC004F0532 /* ShadowAppDemo.app */,
			);
			name = Products;
			sourceTree = "<group>";
		};
		7762516F29BF67DC004F0532 /* ShadowAppDemo */ = {
			isa = PBXGroup;
			children = (
				41A2C75229C2CD760003EDAB /* Model */,
				41C72C4929C0F5EF0057FAC7 /* Components */,
				7762518429BF68B6004F0532 /* Scenes */,
				7762518629BF68CB004F0532 /* Application */,
				7762518529BF68C0004F0532 /* Resources */,
			);
			path = ShadowAppDemo;
			sourceTree = "<group>";
		};
		7762518429BF68B6004F0532 /* Scenes */ = {
			isa = PBXGroup;
			children = (
				7762518729BF6BB8004F0532 /* Home */,
			);
			path = Scenes;
			sourceTree = "<group>";
		};
		7762518529BF68C0004F0532 /* Resources */ = {
			isa = PBXGroup;
			children = (
				41C72C4C29C0FD550057FAC7 /* Images.swift */,
				7762517E29BF67DE004F0532 /* Info.plist */,
				7762517929BF67DE004F0532 /* Assets.xcassets */,
			);
			path = Resources;
			sourceTree = "<group>";
		};
		7762518629BF68CB004F0532 /* Application */ = {
			isa = PBXGroup;
			children = (
				7762517029BF67DC004F0532 /* AppDelegate.swift */,
				7762517229BF67DC004F0532 /* SceneDelegate.swift */,
				7762517B29BF67DE004F0532 /* LaunchScreen.storyboard */,
			);
			path = Application;
			sourceTree = "<group>";
		};
		7762518729BF6BB8004F0532 /* Home */ = {
			isa = PBXGroup;
			children = (
				41C72C4529C0F1990057FAC7 /* HomeItem.swift */,
				7762518829BF6BD9004F0532 /* HomeViewController.swift */,
				413E13DE29C0D0CC0000AD65 /* CustomButtonViewController.swift */,
				41C72C4A29C0F9B00057FAC7 /* IconButtonViewController.swift */,
				41C72C4E29C10A6A0057FAC7 /* IconButtonWithLabelViewController.swift */,
				41C72C5229C165130057FAC7 /* IconBarCodeButtonViewController.swift */,
				41B8490929C172FA00C3CB98 /* IconBarCodeButtonFullViewController.swift */,
				4197A9CB29C226F900EF8EDE /* MyCardsViewController.swift */,
				41A2C74729C235C00003EDAB /* IconButtonListViewController.swift */,
			);
			path = Home;
			sourceTree = "<group>";
		};
/* End PBXGroup section */

/* Begin PBXNativeTarget section */
		7762516C29BF67DC004F0532 /* ShadowAppDemo */ = {
			isa = PBXNativeTarget;
			buildConfigurationList = 7762518129BF67DE004F0532 /* Build configuration list for PBXNativeTarget "ShadowAppDemo" */;
			buildPhases = (
				7762516929BF67DC004F0532 /* Sources */,
				7762516A29BF67DC004F0532 /* Frameworks */,
				7762516B29BF67DC004F0532 /* Resources */,
			);
			buildRules = (
			);
			dependencies = (
			);
			name = ShadowAppDemo;
			productName = ShadowAppDemo;
			productReference = 7762516D29BF67DC004F0532 /* ShadowAppDemo.app */;
			productType = "com.apple.product-type.application";
		};
/* End PBXNativeTarget section */

/* Begin PBXProject section */
		7762516529BF67DC004F0532 /* Project object */ = {
			isa = PBXProject;
			attributes = {
				BuildIndependentTargetsInParallel = 1;
				LastSwiftUpdateCheck = 1420;
				LastUpgradeCheck = 1420;
				TargetAttributes = {
					7762516C29BF67DC004F0532 = {
						CreatedOnToolsVersion = 14.2;
					};
				};
			};
			buildConfigurationList = 7762516829BF67DC004F0532 /* Build configuration list for PBXProject "ShadowAppDemo" */;
			compatibilityVersion = "Xcode 14.0";
			developmentRegion = en;
			hasScannedForEncodings = 0;
			knownRegions = (
				en,
				Base,
			);
			mainGroup = 7762516429BF67DC004F0532;
			productRefGroup = 7762516E29BF67DC004F0532 /* Products */;
			projectDirPath = "";
			projectRoot = "";
			targets = (
				7762516C29BF67DC004F0532 /* ShadowAppDemo */,
			);
		};
/* End PBXProject section */

/* Begin PBXResourcesBuildPhase section */
		7762516B29BF67DC004F0532 /* Resources */ = {
			isa = PBXResourcesBuildPhase;
			buildActionMask = 2147483647;
			files = (
				7762517D29BF67DE004F0532 /* LaunchScreen.storyboard in Resources */,
				7762517A29BF67DE004F0532 /* Assets.xcassets in Resources */,
			);
			runOnlyForDeploymentPostprocessing = 0;
		};
/* End PBXResourcesBuildPhase section */

/* Begin PBXSourcesBuildPhase section */
		7762516929BF67DC004F0532 /* Sources */ = {
			isa = PBXSourcesBuildPhase;
			buildActionMask = 2147483647;
			files = (
				7762517129BF67DC004F0532 /* AppDelegate.swift in Sources */,
				41A2C74829C235C00003EDAB /* IconButtonListViewController.swift in Sources */,
				41C72C4629C0F1990057FAC7 /* HomeItem.swift in Sources */,
				7762517329BF67DC004F0532 /* SceneDelegate.swift in Sources */,
				413E13DF29C0D0CC0000AD65 /* CustomButtonViewController.swift in Sources */,
				41C72C4D29C0FD560057FAC7 /* Images.swift in Sources */,
				41C72C4229C0D3EA0057FAC7 /* RMButton.swift in Sources */,
				41C72C4B29C0F9B00057FAC7 /* IconButtonViewController.swift in Sources */,
				4197A9CE29C2273D00EF8EDE /* MyCardView.swift in Sources */,
				41B8490A29C172FA00C3CB98 /* IconBarCodeButtonFullViewController.swift in Sources */,
				4197A9CC29C226F900EF8EDE /* MyCardsViewController.swift in Sources */,
				41A2C74F29C2CA5E0003EDAB /* ListIcons.swift in Sources */,
				41A2C74D29C23DE10003EDAB /* IconButtonListViewCell.swift in Sources */,
				41B8490829C16D1B00C3CB98 /* IconBarCodeButtonView.swift in Sources */,
				41A2C74A29C236210003EDAB /* IconButtonListView.swift in Sources */,
				7762518929BF6BD9004F0532 /* HomeViewController.swift in Sources */,
				41C72C5329C165130057FAC7 /* IconBarCodeButtonViewController.swift in Sources */,
				41982E0D29C1815200105F8B /* IconBarCodeButtonFullView.swift in Sources */,
				41C72C4F29C10A6A0057FAC7 /* IconButtonWithLabelViewController.swift in Sources */,
				41A2C75129C2CD6F0003EDAB /* ListComponents.swift in Sources */,
				41C72C5129C10BC00057FAC7 /* IconButtonWithLabelView.swift in Sources */,
				41C72C4829C0F5560057FAC7 /* IconButtonView.swift in Sources */,
			);
			runOnlyForDeploymentPostprocessing = 0;
		};
/* End PBXSourcesBuildPhase section */

/* Begin PBXVariantGroup section */
		7762517B29BF67DE004F0532 /* LaunchScreen.storyboard */ = {
			isa = PBXVariantGroup;
			children = (
				7762517C29BF67DE004F0532 /* Base */,
			);
			name = LaunchScreen.storyboard;
			sourceTree = "<group>";
		};
/* End PBXVariantGroup section */

/* Begin XCBuildConfiguration section */
		7762517F29BF67DE004F0532 /* Debug */ = {
			isa = XCBuildConfiguration;
			buildSettings = {
				ALWAYS_SEARCH_USER_PATHS = NO;
				CLANG_ANALYZER_NONNULL = YES;
				CLANG_ANALYZER_NUMBER_OBJECT_CONVERSION = YES_AGGRESSIVE;
				CLANG_CXX_LANGUAGE_STANDARD = "gnu++20";
				CLANG_ENABLE_MODULES = YES;
				CLANG_ENABLE_OBJC_ARC = YES;
				CLANG_ENABLE_OBJC_WEAK = YES;
				CLANG_WARN_BLOCK_CAPTURE_AUTORELEASING = YES;
				CLANG_WARN_BOOL_CONVERSION = YES;
				CLANG_WARN_COMMA = YES;
				CLANG_WARN_CONSTANT_CONVERSION = YES;
				CLANG_WARN_DEPRECATED_OBJC_IMPLEMENTATIONS = YES;
				CLANG_WARN_DIRECT_OBJC_ISA_USAGE = YES_ERROR;
				CLANG_WARN_DOCUMENTATION_COMMENTS = YES;
				CLANG_WARN_EMPTY_BODY = YES;
				CLANG_WARN_ENUM_CONVERSION = YES;
				CLANG_WARN_INFINITE_RECURSION = YES;
				CLANG_WARN_INT_CONVERSION = YES;
				CLANG_WARN_NON_LITERAL_NULL_CONVERSION = YES;
				CLANG_WARN_OBJC_IMPLICIT_RETAIN_SELF = YES;
				CLANG_WARN_OBJC_LITERAL_CONVERSION = YES;
				CLANG_WARN_OBJC_ROOT_CLASS = YES_ERROR;
				CLANG_WARN_QUOTED_INCLUDE_IN_FRAMEWORK_HEADER = YES;
				CLANG_WARN_RANGE_LOOP_ANALYSIS = YES;
				CLANG_WARN_STRICT_PROTOTYPES = YES;
				CLANG_WARN_SUSPICIOUS_MOVE = YES;
				CLANG_WARN_UNGUARDED_AVAILABILITY = YES_AGGRESSIVE;
				CLANG_WARN_UNREACHABLE_CODE = YES;
				CLANG_WARN__DUPLICATE_METHOD_MATCH = YES;
				COPY_PHASE_STRIP = NO;
				DEBUG_INFORMATION_FORMAT = dwarf;
				ENABLE_STRICT_OBJC_MSGSEND = YES;
				ENABLE_TESTABILITY = YES;
				GCC_C_LANGUAGE_STANDARD = gnu11;
				GCC_DYNAMIC_NO_PIC = NO;
				GCC_NO_COMMON_BLOCKS = YES;
				GCC_OPTIMIZATION_LEVEL = 0;
				GCC_PREPROCESSOR_DEFINITIONS = (
					"DEBUG=1",
					"$(inherited)",
				);
				GCC_WARN_64_TO_32_BIT_CONVERSION = YES;
				GCC_WARN_ABOUT_RETURN_TYPE = YES_ERROR;
				GCC_WARN_UNDECLARED_SELECTOR = YES;
				GCC_WARN_UNINITIALIZED_AUTOS = YES_AGGRESSIVE;
				GCC_WARN_UNUSED_FUNCTION = YES;
				GCC_WARN_UNUSED_VARIABLE = YES;
				IPHONEOS_DEPLOYMENT_TARGET = 13.0;
				MTL_ENABLE_DEBUG_INFO = INCLUDE_SOURCE;
				MTL_FAST_MATH = YES;
				ONLY_ACTIVE_ARCH = YES;
				SDKROOT = iphoneos;
				SWIFT_ACTIVE_COMPILATION_CONDITIONS = DEBUG;
				SWIFT_OPTIMIZATION_LEVEL = "-Onone";
			};
			name = Debug;
		};
		7762518029BF67DE004F0532 /* Release */ = {
			isa = XCBuildConfiguration;
			buildSettings = {
				ALWAYS_SEARCH_USER_PATHS = NO;
				CLANG_ANALYZER_NONNULL = YES;
				CLANG_ANALYZER_NUMBER_OBJECT_CONVERSION = YES_AGGRESSIVE;
				CLANG_CXX_LANGUAGE_STANDARD = "gnu++20";
				CLANG_ENABLE_MODULES = YES;
				CLANG_ENABLE_OBJC_ARC = YES;
				CLANG_ENABLE_OBJC_WEAK = YES;
				CLANG_WARN_BLOCK_CAPTURE_AUTORELEASING = YES;
				CLANG_WARN_BOOL_CONVERSION = YES;
				CLANG_WARN_COMMA = YES;
				CLANG_WARN_CONSTANT_CONVERSION = YES;
				CLANG_WARN_DEPRECATED_OBJC_IMPLEMENTATIONS = YES;
				CLANG_WARN_DIRECT_OBJC_ISA_USAGE = YES_ERROR;
				CLANG_WARN_DOCUMENTATION_COMMENTS = YES;
				CLANG_WARN_EMPTY_BODY = YES;
				CLANG_WARN_ENUM_CONVERSION = YES;
				CLANG_WARN_INFINITE_RECURSION = YES;
				CLANG_WARN_INT_CONVERSION = YES;
				CLANG_WARN_NON_LITERAL_NULL_CONVERSION = YES;
				CLANG_WARN_OBJC_IMPLICIT_RETAIN_SELF = YES;
				CLANG_WARN_OBJC_LITERAL_CONVERSION = YES;
				CLANG_WARN_OBJC_ROOT_CLASS = YES_ERROR;
				CLANG_WARN_QUOTED_INCLUDE_IN_FRAMEWORK_HEADER = YES;
				CLANG_WARN_RANGE_LOOP_ANALYSIS = YES;
				CLANG_WARN_STRICT_PROTOTYPES = YES;
				CLANG_WARN_SUSPICIOUS_MOVE = YES;
				CLANG_WARN_UNGUARDED_AVAILABILITY = YES_AGGRESSIVE;
				CLANG_WARN_UNREACHABLE_CODE = YES;
				CLANG_WARN__DUPLICATE_METHOD_MATCH = YES;
				COPY_PHASE_STRIP = NO;
				DEBUG_INFORMATION_FORMAT = "dwarf-with-dsym";
				ENABLE_NS_ASSERTIONS = NO;
				ENABLE_STRICT_OBJC_MSGSEND = YES;
				GCC_C_LANGUAGE_STANDARD = gnu11;
				GCC_NO_COMMON_BLOCKS = YES;
				GCC_WARN_64_TO_32_BIT_CONVERSION = YES;
				GCC_WARN_ABOUT_RETURN_TYPE = YES_ERROR;
				GCC_WARN_UNDECLARED_SELECTOR = YES;
				GCC_WARN_UNINITIALIZED_AUTOS = YES_AGGRESSIVE;
				GCC_WARN_UNUSED_FUNCTION = YES;
				GCC_WARN_UNUSED_VARIABLE = YES;
				IPHONEOS_DEPLOYMENT_TARGET = 13.0;
				MTL_ENABLE_DEBUG_INFO = NO;
				MTL_FAST_MATH = YES;
				SDKROOT = iphoneos;
				SWIFT_COMPILATION_MODE = wholemodule;
				SWIFT_OPTIMIZATION_LEVEL = "-O";
				VALIDATE_PRODUCT = YES;
			};
			name = Release;
		};
		7762518229BF67DE004F0532 /* Debug */ = {
			isa = XCBuildConfiguration;
			buildSettings = {
				ASSETCATALOG_COMPILER_APPICON_NAME = AppIcon;
				ASSETCATALOG_COMPILER_GLOBAL_ACCENT_COLOR_NAME = AccentColor;
				CODE_SIGN_STYLE = Automatic;
				CURRENT_PROJECT_VERSION = 1;
				DEVELOPMENT_TEAM = 5B6733M688;
				GENERATE_INFOPLIST_FILE = YES;
				INFOPLIST_FILE = ShadowAppDemo/Resources/Info.plist;
				INFOPLIST_KEY_UIApplicationSupportsIndirectInputEvents = YES;
				INFOPLIST_KEY_UILaunchStoryboardName = LaunchScreen.storyboard;
				INFOPLIST_KEY_UIMainStoryboardFile = "";
				INFOPLIST_KEY_UISupportedInterfaceOrientations_iPad = "UIInterfaceOrientationPortrait UIInterfaceOrientationPortraitUpsideDown UIInterfaceOrientationLandscapeLeft UIInterfaceOrientationLandscapeRight";
				INFOPLIST_KEY_UISupportedInterfaceOrientations_iPhone = "UIInterfaceOrientationPortrait UIInterfaceOrientationLandscapeLeft UIInterfaceOrientationLandscapeRight";
				IPHONEOS_DEPLOYMENT_TARGET = 13.0;
				LD_RUNPATH_SEARCH_PATHS = (
					"$(inherited)",
					"@executable_path/Frameworks",
				);
				MARKETING_VERSION = 1.0;
				PRODUCT_BUNDLE_IDENTIFIER = vortigo.ShadowAppDemo;
				PRODUCT_NAME = "$(TARGET_NAME)";
				SWIFT_EMIT_LOC_STRINGS = YES;
				SWIFT_VERSION = 5.0;
				TARGETED_DEVICE_FAMILY = "1,2";
			};
			name = Debug;
		};
		7762518329BF67DE004F0532 /* Release */ = {
			isa = XCBuildConfiguration;
			buildSettings = {
				ASSETCATALOG_COMPILER_APPICON_NAME = AppIcon;
				ASSETCATALOG_COMPILER_GLOBAL_ACCENT_COLOR_NAME = AccentColor;
				CODE_SIGN_STYLE = Automatic;
				CURRENT_PROJECT_VERSION = 1;
				DEVELOPMENT_TEAM = 5B6733M688;
				GENERATE_INFOPLIST_FILE = YES;
				INFOPLIST_FILE = ShadowAppDemo/Resources/Info.plist;
				INFOPLIST_KEY_UIApplicationSupportsIndirectInputEvents = YES;
				INFOPLIST_KEY_UILaunchStoryboardName = LaunchScreen.storyboard;
				INFOPLIST_KEY_UIMainStoryboardFile = "";
				INFOPLIST_KEY_UISupportedInterfaceOrientations_iPad = "UIInterfaceOrientationPortrait UIInterfaceOrientationPortraitUpsideDown UIInterfaceOrientationLandscapeLeft UIInterfaceOrientationLandscapeRight";
				INFOPLIST_KEY_UISupportedInterfaceOrientations_iPhone = "UIInterfaceOrientationPortrait UIInterfaceOrientationLandscapeLeft UIInterfaceOrientationLandscapeRight";
				IPHONEOS_DEPLOYMENT_TARGET = 13.0;
				LD_RUNPATH_SEARCH_PATHS = (
					"$(inherited)",
					"@executable_path/Frameworks",
				);
				MARKETING_VERSION = 1.0;
				PRODUCT_BUNDLE_IDENTIFIER = vortigo.ShadowAppDemo;
				PRODUCT_NAME = "$(TARGET_NAME)";
				SWIFT_EMIT_LOC_STRINGS = YES;
				SWIFT_VERSION = 5.0;
				TARGETED_DEVICE_FAMILY = "1,2";
			};
			name = Release;
		};
/* End XCBuildConfiguration section */

/* Begin XCConfigurationList section */
		7762516829BF67DC004F0532 /* Build configuration list for PBXProject "ShadowAppDemo" */ = {
			isa = XCConfigurationList;
			buildConfigurations = (
				7762517F29BF67DE004F0532 /* Debug */,
				7762518029BF67DE004F0532 /* Release */,
			);
			defaultConfigurationIsVisible = 0;
			defaultConfigurationName = Release;
		};
		7762518129BF67DE004F0532 /* Build configuration list for PBXNativeTarget "ShadowAppDemo" */ = {
			isa = XCConfigurationList;
			buildConfigurations = (
				7762518229BF67DE004F0532 /* Debug */,
				7762518329BF67DE004F0532 /* Release */,
			);
			defaultConfigurationIsVisible = 0;
			defaultConfigurationName = Release;
		};
/* End XCConfigurationList section */
	};
	rootObject = 7762516529BF67DC004F0532 /* Project object */;
}
